
Microsoft Visual Studio Solution File, Format Version 12.00
# Visual Studio Version 17
VisualStudioVersion = 17.5.33414.496
MinimumVisualStudioVersion = 10.0.40219.1
Project("{FAE04EC0-301F-11D3-BF4B-00C04F79EFBC}") = "tpmodul6_1302210028", "tpmodul6_1302210028\tpmodul6_1302210028.csproj", "{4BE2606C-2434-4EB6-8C71-D87BC4C912D0}"
EndProject
Global
	GlobalSection(SolutionConfigurationPlatforms) = preSolution
		Debug|Any CPU = Debug|Any CPU
		Release|Any CPU = Release|Any CPU
	EndGlobalSection
	GlobalSection(ProjectConfigurationPlatforms) = postSolution
		{4BE2606C-2434-4EB6-8C71-D87BC4C912D0}.Debug|Any CPU.ActiveCfg = Debug|Any CPU
		{4BE2606C-2434-4EB6-8C71-D87BC4C912D0}.Debug|Any CPU.Build.0 = Debug|Any CPU
		{4BE2606C-2434-4EB6-8C71-D87BC4C912D0}.Release|Any CPU.ActiveCfg = Release|Any CPU
		{4BE2606C-2434-4EB6-8C71-D87BC4C912D0}.Release|Any CPU.Build.0 = Release|Any CPU
	EndGlobalSection
	GlobalSection(SolutionProperties) = preSolution
		HideSolutionNode = FALSE
	EndGlobalSection
	GlobalSection(ExtensibilityGlobals) = postSolution
		SolutionGuid = {4937953B-89BB-4770-A4AE-D1E6FE6791CD}
	EndGlobalSection
EndGlobal
